
Microsoft Visual Studio Solution File, Format Version 12.00
# Visual Studio Version 17
VisualStudioVersion = 17.7.34031.279
MinimumVisualStudioVersion = 10.0.40219.1
Project("{FAE04EC0-301F-11D3-BF4B-00C04F79EFBC}") = "IPT101-Moreno-eCommerce", "IPT101-Moreno-eCommerce\IPT101-Moreno-eCommerce.csproj", "{47EFB86C-898C-482A-A07F-745D7F7F5ADB}"
EndProject
Global
	GlobalSection(SolutionConfigurationPlatforms) = preSolution
		Debug|Any CPU = Debug|Any CPU
		Release|Any CPU = Release|Any CPU
	EndGlobalSection
	GlobalSection(ProjectConfigurationPlatforms) = postSolution
		{47EFB86C-898C-482A-A07F-745D7F7F5ADB}.Debug|Any CPU.ActiveCfg = Debug|Any CPU
		{47EFB86C-898C-482A-A07F-745D7F7F5ADB}.Debug|Any CPU.Build.0 = Debug|Any CPU
		{47EFB86C-898C-482A-A07F-745D7F7F5ADB}.Release|Any CPU.ActiveCfg = Release|Any CPU
		{47EFB86C-898C-482A-A07F-745D7F7F5ADB}.Release|Any CPU.Build.0 = Release|Any CPU
	EndGlobalSection
	GlobalSection(SolutionProperties) = preSolution
		HideSolutionNode = FALSE
	EndGlobalSection
	GlobalSection(ExtensibilityGlobals) = postSolution
		SolutionGuid = {27FA966A-715D-4D47-933A-F1CB238E615F}
	EndGlobalSection
EndGlobal
